
Microsoft Visual Studio Solution File, Format Version 12.00
# Visual Studio Version 17
VisualStudioVersion = 17.9.34616.47
MinimumVisualStudioVersion = 10.0.40219.1
Project("{9A19103F-16F7-4668-BE54-9A1E7A4F7556}") = "pwither.formatter", "pwither.formatter\pwither.formatter.csproj", "{B4B9A348-D61A-4C93-A9E1-367654DDBB58}"
EndProject
Global
	GlobalSection(SolutionConfigurationPlatforms) = preSolution
		Debug|Any CPU = Debug|Any CPU
		Release|Any CPU = Release|Any CPU
	EndGlobalSection
	GlobalSection(ProjectConfigurationPlatforms) = postSolution
		{B4B9A348-D61A-4C93-A9E1-367654DDBB58}.Debug|Any CPU.ActiveCfg = Debug|Any CPU
		{B4B9A348-D61A-4C93-A9E1-367654DDBB58}.Debug|Any CPU.Build.0 = Debug|Any CPU
		{B4B9A348-D61A-4C93-A9E1-367654DDBB58}.Release|Any CPU.ActiveCfg = Release|Any CPU
		{B4B9A348-D61A-4C93-A9E1-367654DDBB58}.Release|Any CPU.Build.0 = Release|Any CPU
	EndGlobalSection
	GlobalSection(SolutionProperties) = preSolution
		HideSolutionNode = FALSE
	EndGlobalSection
	GlobalSection(ExtensibilityGlobals) = postSolution
		SolutionGuid = {B7BD9482-F806-4D4B-95DD-25EF1B12348E}
	EndGlobalSection
EndGlobal
